
Microsoft Visual Studio Solution File, Format Version 12.00
# Visual Studio Version 17
VisualStudioVersion = 17.0.31903.59
MinimumVisualStudioVersion = 10.0.40219.1
Project("{FAE04EC0-301F-11D3-BF4B-00C04F79EFBC}") = "HelloApp.Main", "HelloApp.Main\HelloApp.Main.csproj", "{D5F2513F-1365-4F72-9847-278D4359BA86}"
EndProject
Project("{FAE04EC0-301F-11D3-BF4B-00C04F79EFBC}") = "HelloApp.Test", "HelloApp.Test\HelloApp.Test.csproj", "{67864264-A2DA-4439-ABDE-BE8E751593DD}"
EndProject
Global
	GlobalSection(SolutionConfigurationPlatforms) = preSolution
		Debug|Any CPU = Debug|Any CPU
		Release|Any CPU = Release|Any CPU
	EndGlobalSection
	GlobalSection(SolutionProperties) = preSolution
		HideSolutionNode = FALSE
	EndGlobalSection
	GlobalSection(ProjectConfigurationPlatforms) = postSolution
		{D5F2513F-1365-4F72-9847-278D4359BA86}.Debug|Any CPU.ActiveCfg = Debug|Any CPU
		{D5F2513F-1365-4F72-9847-278D4359BA86}.Debug|Any CPU.Build.0 = Debug|Any CPU
		{D5F2513F-1365-4F72-9847-278D4359BA86}.Release|Any CPU.ActiveCfg = Release|Any CPU
		{D5F2513F-1365-4F72-9847-278D4359BA86}.Release|Any CPU.Build.0 = Release|Any CPU
		{67864264-A2DA-4439-ABDE-BE8E751593DD}.Debug|Any CPU.ActiveCfg = Debug|Any CPU
		{67864264-A2DA-4439-ABDE-BE8E751593DD}.Debug|Any CPU.Build.0 = Debug|Any CPU
		{67864264-A2DA-4439-ABDE-BE8E751593DD}.Release|Any CPU.ActiveCfg = Release|Any CPU
		{67864264-A2DA-4439-ABDE-BE8E751593DD}.Release|Any CPU.Build.0 = Release|Any CPU
	EndGlobalSection
EndGlobal
